
Microsoft Visual Studio Solution File, Format Version 12.00
# Visual Studio 14
VisualStudioVersion = 14.0.25420.1
MinimumVisualStudioVersion = 10.0.40219.1
Project("{FAE04EC0-301F-11D3-BF4B-00C04F79EFBC}") = "Tmp.Demo", "Tmp.Demo\Tmp.Demo.csproj", "{1C557DF2-4A05-4E16-BE22-E383A0846F49}"
EndProject
Project("{FAE04EC0-301F-11D3-BF4B-00C04F79EFBC}") = "Tmp.Model", "Tmp.Model\Tmp.Model.csproj", "{8D61F3F1-4B6A-471B-859F-8FFF0C1D670F}"
EndProject
Project("{FAE04EC0-301F-11D3-BF4B-00C04F79EFBC}") = "Tmp.DAL", "Tmp.DAL\Tmp.DAL.csproj", "{5D76C9F9-D644-493B-937C-3EEDCD766501}"
EndProject
Project("{FAE04EC0-301F-11D3-BF4B-00C04F79EFBC}") = "Tmp.Common.Infrastructure", "Tmp.Common.Infrastructure\Tmp.Common.Infrastructure.csproj", "{3A329A7C-6B2A-4996-8127-FCDEBC802B52}"
EndProject
Project("{FAE04EC0-301F-11D3-BF4B-00C04F79EFBC}") = "Tmp.Common.Tools", "Tmp.Common.Tools\Tmp.Common.Tools.csproj", "{08EC64E6-7120-45E5-8232-0739D1E05BC4}"
EndProject
Project("{2150E333-8FDC-42A3-9474-1A3956D46DE8}") = "DBLibrary", "DBLibrary", "{558E0398-F922-4638-B7E0-B3054C09ECC5}"
EndProject
Project("{2150E333-8FDC-42A3-9474-1A3956D46DE8}") = "Common", "Common", "{F16063F7-804E-42A8-9DC2-6729178F0FB7}"
EndProject
Project("{FAE04EC0-301F-11D3-BF4B-00C04F79EFBC}") = "Tmp.Facade", "Tmp.Facade\Tmp.Facade.csproj", "{E2923855-B847-4DEF-8650-01CC454744B0}"
EndProject
Project("{FAE04EC0-301F-11D3-BF4B-00C04F79EFBC}") = "Tmp.FacadeInterface", "Tmp.FacadeInterface\Tmp.FacadeInterface.csproj", "{5E42B757-F557-4463-958B-F57A73280484}"
EndProject
Project("{FAE04EC0-301F-11D3-BF4B-00C04F79EFBC}") = "Centralism.Client", "Centralism.Client\Centralism.Client.csproj", "{CE459E4B-3387-4BDF-A956-27B553F44425}"
EndProject
Project("{FAE04EC0-301F-11D3-BF4B-00C04F79EFBC}") = "Centralism.Server", "Centralism.Server\Centralism.Server.csproj", "{C080028B-2341-464F-8565-18372CBAE17B}"
EndProject
Project("{2150E333-8FDC-42A3-9474-1A3956D46DE8}") = "UserCenter", "UserCenter", "{D4907A92-D0AE-4601-A60C-B7078E567DEC}"
EndProject
Project("{FAE04EC0-301F-11D3-BF4B-00C04F79EFBC}") = "Tmp.DBEntity", "Tmp.DBEntity\Tmp.DBEntity.csproj", "{9E30FB5D-BFB4-48D7-9171-9C5DF327A898}"
EndProject
Project("{FAE04EC0-301F-11D3-BF4B-00C04F79EFBC}") = "ConsoleApplication1", "ConsoleApplication1\ConsoleApplication1.csproj", "{86E09471-9D2E-4A83-9F40-35D270BC7160}"
EndProject
Global
	GlobalSection(SolutionConfigurationPlatforms) = preSolution
		Debug|Any CPU = Debug|Any CPU
		Release|Any CPU = Release|Any CPU
	EndGlobalSection
	GlobalSection(ProjectConfigurationPlatforms) = postSolution
		{1C557DF2-4A05-4E16-BE22-E383A0846F49}.Debug|Any CPU.ActiveCfg = Debug|Any CPU
		{1C557DF2-4A05-4E16-BE22-E383A0846F49}.Debug|Any CPU.Build.0 = Debug|Any CPU
		{1C557DF2-4A05-4E16-BE22-E383A0846F49}.Release|Any CPU.ActiveCfg = Release|Any CPU
		{1C557DF2-4A05-4E16-BE22-E383A0846F49}.Release|Any CPU.Build.0 = Release|Any CPU
		{8D61F3F1-4B6A-471B-859F-8FFF0C1D670F}.Debug|Any CPU.ActiveCfg = Debug|Any CPU
		{8D61F3F1-4B6A-471B-859F-8FFF0C1D670F}.Debug|Any CPU.Build.0 = Debug|Any CPU
		{8D61F3F1-4B6A-471B-859F-8FFF0C1D670F}.Release|Any CPU.ActiveCfg = Release|Any CPU
		{8D61F3F1-4B6A-471B-859F-8FFF0C1D670F}.Release|Any CPU.Build.0 = Release|Any CPU
		{5D76C9F9-D644-493B-937C-3EEDCD766501}.Debug|Any CPU.ActiveCfg = Debug|Any CPU
		{5D76C9F9-D644-493B-937C-3EEDCD766501}.Debug|Any CPU.Build.0 = Debug|Any CPU
		{5D76C9F9-D644-493B-937C-3EEDCD766501}.Release|Any CPU.ActiveCfg = Release|Any CPU
		{5D76C9F9-D644-493B-937C-3EEDCD766501}.Release|Any CPU.Build.0 = Release|Any CPU
		{3A329A7C-6B2A-4996-8127-FCDEBC802B52}.Debug|Any CPU.ActiveCfg = Debug|Any CPU
		{3A329A7C-6B2A-4996-8127-FCDEBC802B52}.Debug|Any CPU.Build.0 = Debug|Any CPU
		{3A329A7C-6B2A-4996-8127-FCDEBC802B52}.Release|Any CPU.ActiveCfg = Release|Any CPU
		{3A329A7C-6B2A-4996-8127-FCDEBC802B52}.Release|Any CPU.Build.0 = Release|Any CPU
		{08EC64E6-7120-45E5-8232-0739D1E05BC4}.Debug|Any CPU.ActiveCfg = Debug|Any CPU
		{08EC64E6-7120-45E5-8232-0739D1E05BC4}.Debug|Any CPU.Build.0 = Debug|Any CPU
		{08EC64E6-7120-45E5-8232-0739D1E05BC4}.Release|Any CPU.ActiveCfg = Release|Any CPU
		{08EC64E6-7120-45E5-8232-0739D1E05BC4}.Release|Any CPU.Build.0 = Release|Any CPU
		{E2923855-B847-4DEF-8650-01CC454744B0}.Debug|Any CPU.ActiveCfg = Debug|Any CPU
		{E2923855-B847-4DEF-8650-01CC454744B0}.Debug|Any CPU.Build.0 = Debug|Any CPU
		{E2923855-B847-4DEF-8650-01CC454744B0}.Release|Any CPU.ActiveCfg = Release|Any CPU
		{E2923855-B847-4DEF-8650-01CC454744B0}.Release|Any CPU.Build.0 = Release|Any CPU
		{5E42B757-F557-4463-958B-F57A73280484}.Debug|Any CPU.ActiveCfg = Debug|Any CPU
		{5E42B757-F557-4463-958B-F57A73280484}.Debug|Any CPU.Build.0 = Debug|Any CPU
		{5E42B757-F557-4463-958B-F57A73280484}.Release|Any CPU.ActiveCfg = Release|Any CPU
		{5E42B757-F557-4463-958B-F57A73280484}.Release|Any CPU.Build.0 = Release|Any CPU
		{CE459E4B-3387-4BDF-A956-27B553F44425}.Debug|Any CPU.ActiveCfg = Debug|Any CPU
		{CE459E4B-3387-4BDF-A956-27B553F44425}.Debug|Any CPU.Build.0 = Debug|Any CPU
		{CE459E4B-3387-4BDF-A956-27B553F44425}.Release|Any CPU.ActiveCfg = Release|Any CPU
		{CE459E4B-3387-4BDF-A956-27B553F44425}.Release|Any CPU.Build.0 = Release|Any CPU
		{C080028B-2341-464F-8565-18372CBAE17B}.Debug|Any CPU.ActiveCfg = Debug|Any CPU
		{C080028B-2341-464F-8565-18372CBAE17B}.Debug|Any CPU.Build.0 = Debug|Any CPU
		{C080028B-2341-464F-8565-18372CBAE17B}.Release|Any CPU.ActiveCfg = Release|Any CPU
		{C080028B-2341-464F-8565-18372CBAE17B}.Release|Any CPU.Build.0 = Release|Any CPU
		{9E30FB5D-BFB4-48D7-9171-9C5DF327A898}.Debug|Any CPU.ActiveCfg = Debug|Any CPU
		{9E30FB5D-BFB4-48D7-9171-9C5DF327A898}.Debug|Any CPU.Build.0 = Debug|Any CPU
		{9E30FB5D-BFB4-48D7-9171-9C5DF327A898}.Release|Any CPU.ActiveCfg = Release|Any CPU
		{9E30FB5D-BFB4-48D7-9171-9C5DF327A898}.Release|Any CPU.Build.0 = Release|Any CPU
		{86E09471-9D2E-4A83-9F40-35D270BC7160}.Debug|Any CPU.ActiveCfg = Debug|Any CPU
		{86E09471-9D2E-4A83-9F40-35D270BC7160}.Debug|Any CPU.Build.0 = Debug|Any CPU
		{86E09471-9D2E-4A83-9F40-35D270BC7160}.Release|Any CPU.ActiveCfg = Release|Any CPU
		{86E09471-9D2E-4A83-9F40-35D270BC7160}.Release|Any CPU.Build.0 = Release|Any CPU
	EndGlobalSection
	GlobalSection(SolutionProperties) = preSolution
		HideSolutionNode = FALSE
	EndGlobalSection
	GlobalSection(NestedProjects) = preSolution
		{8D61F3F1-4B6A-471B-859F-8FFF0C1D670F} = {558E0398-F922-4638-B7E0-B3054C09ECC5}
		{5D76C9F9-D644-493B-937C-3EEDCD766501} = {558E0398-F922-4638-B7E0-B3054C09ECC5}
		{3A329A7C-6B2A-4996-8127-FCDEBC802B52} = {F16063F7-804E-42A8-9DC2-6729178F0FB7}
		{08EC64E6-7120-45E5-8232-0739D1E05BC4} = {F16063F7-804E-42A8-9DC2-6729178F0FB7}
		{E2923855-B847-4DEF-8650-01CC454744B0} = {558E0398-F922-4638-B7E0-B3054C09ECC5}
		{5E42B757-F557-4463-958B-F57A73280484} = {558E0398-F922-4638-B7E0-B3054C09ECC5}
		{CE459E4B-3387-4BDF-A956-27B553F44425} = {D4907A92-D0AE-4601-A60C-B7078E567DEC}
		{C080028B-2341-464F-8565-18372CBAE17B} = {D4907A92-D0AE-4601-A60C-B7078E567DEC}
		{9E30FB5D-BFB4-48D7-9171-9C5DF327A898} = {F16063F7-804E-42A8-9DC2-6729178F0FB7}
	EndGlobalSection
EndGlobal
